
Microsoft Visual Studio Solution File, Format Version 12.00
# Visual Studio Version 17
VisualStudioVersion = 17.11.35327.3
MinimumVisualStudioVersion = 10.0.40219.1
Project("{FAE04EC0-301F-11D3-BF4B-00C04F79EFBC}") = "Diary", "Diary\Diary.csproj", "{B8DCBFAE-97CF-4E59-BBAD-E4B24243712B}"
EndProject
Global
	GlobalSection(SolutionConfigurationPlatforms) = preSolution
		Debug|Any CPU = Debug|Any CPU
		Release|Any CPU = Release|Any CPU
	EndGlobalSection
	GlobalSection(ProjectConfigurationPlatforms) = postSolution
		{B8DCBFAE-97CF-4E59-BBAD-E4B24243712B}.Debug|Any CPU.ActiveCfg = Debug|Any CPU
		{B8DCBFAE-97CF-4E59-BBAD-E4B24243712B}.Debug|Any CPU.Build.0 = Debug|Any CPU
		{B8DCBFAE-97CF-4E59-BBAD-E4B24243712B}.Release|Any CPU.ActiveCfg = Release|Any CPU
		{B8DCBFAE-97CF-4E59-BBAD-E4B24243712B}.Release|Any CPU.Build.0 = Release|Any CPU
	EndGlobalSection
	GlobalSection(SolutionProperties) = preSolution
		HideSolutionNode = FALSE
	EndGlobalSection
	GlobalSection(ExtensibilityGlobals) = postSolution
		SolutionGuid = {EDC78F1F-E105-4880-A001-A0B58A274BB1}
	EndGlobalSection
EndGlobal
